github.com/go-chi/chi/v5 v5.1.0 h1:acVI1TYaD+hhedDJ3r54HyA6sExp3HfXq7QWEEY/xMw=
github.com/go-chi/chi/v5 v5.1.0/go.mod h1:DslCQbL2OYiznFReuXYUmQ2hGd1aDpCnlMNITLSKoi8=
github.com/kbats183/gomedia v0.0.0-20250817114334-50ae796beb83 h1:AjTVYkFpAjfdMszpvYrI7y2U6CYlt7wN6ngCumf1Hxc=
github.com/kbats183/gomedia v0.0.0-20250817114334-50ae796beb83/go.mod h1:WSZ59bidJOO40JSJmLqlkBJrjZCtjbKKkygEMfzY/kc=
