github.com/go-chi/chi/v5 v5.1.0 h1:acVI1TYaD+hhedDJ3r54HyA6sExp3HfXq7QWEEY/xMw=
github.com/go-chi/chi/v5 v5.1.0/go.mod h1:DslCQbL2OYiznFReuXYUmQ2hGd1aDpCnlMNITLSKoi8=
github.com/yapingcat/gomedia v0.0.0-20240725163034-902e6befb413 h1:irprkncs5spukh9UjEBj+Ynm/uV7RMZD7/OxpVLDiFQ=
github.com/yapingcat/gomedia v0.0.0-20240725163034-902e6befb413/go.mod h1:WSZ59bidJOO40JSJmLqlkBJrjZCtjbKKkygEMfzY/kc=
