github.com/go-chi/chi/v5 v5.1.0 h1:acVI1TYaD+hhedDJ3r54HyA6sExp3HfXq7QWEEY/xMw=
github.com/go-chi/chi/v5 v5.1.0/go.mod h1:DslCQbL2OYiznFReuXYUmQ2hGd1aDpCnlMNITLSKoi8=
github.com/kbats183/gomedia v0.0.0-20240917030601-3459369abbee h1:/B/tHQUqbjIiLNUcmPjusFKKGhp1q3XQQgqF97u/FjE=
github.com/kbats183/gomedia v0.0.0-20240917030601-3459369abbee/go.mod h1:WSZ59bidJOO40JSJmLqlkBJrjZCtjbKKkygEMfzY/kc=
